
Microsoft Visual Studio Solution File, Format Version 12.00
# Visual Studio Version 17
VisualStudioVersion = 17.4.33122.133
MinimumVisualStudioVersion = 10.0.40219.1
Project("{FAE04EC0-301F-11D3-BF4B-00C04F79EFBC}") = "ContactsAPI", "ContactsAPI.csproj", "{1E4DFCAD-4140-4C82-A323-16273FB00443}"
EndProject
Global
	GlobalSection(SolutionConfigurationPlatforms) = preSolution
		Debug|Any CPU = Debug|Any CPU
		Release|Any CPU = Release|Any CPU
	EndGlobalSection
	GlobalSection(ProjectConfigurationPlatforms) = postSolution
		{1E4DFCAD-4140-4C82-A323-16273FB00443}.Debug|Any CPU.ActiveCfg = Debug|Any CPU
		{1E4DFCAD-4140-4C82-A323-16273FB00443}.Debug|Any CPU.Build.0 = Debug|Any CPU
		{1E4DFCAD-4140-4C82-A323-16273FB00443}.Release|Any CPU.ActiveCfg = Release|Any CPU
		{1E4DFCAD-4140-4C82-A323-16273FB00443}.Release|Any CPU.Build.0 = Release|Any CPU
	EndGlobalSection
	GlobalSection(SolutionProperties) = preSolution
		HideSolutionNode = FALSE
	EndGlobalSection
	GlobalSection(ExtensibilityGlobals) = postSolution
		SolutionGuid = {6E481CCD-D3A4-4962-8FBC-AD0C96D43FD3}
	EndGlobalSection
EndGlobal
